
Microsoft Visual Studio Solution File, Format Version 12.00
# Visual Studio Version 16
VisualStudioVersion = 16.0.29021.104
MinimumVisualStudioVersion = 10.0.40219.1
Project("{FAE04EC0-301F-11D3-BF4B-00C04F79EFBC}") = "DBProject", "DBProject\DBProject.csproj", "{77889EC2-DFEB-4E0F-A8A5-FAD07D63EC9F}"
EndProject
Global
	GlobalSection(SolutionConfigurationPlatforms) = preSolution
		Debug|Any CPU = Debug|Any CPU
		Release|Any CPU = Release|Any CPU
	EndGlobalSection
	GlobalSection(ProjectConfigurationPlatforms) = postSolution
		{77889EC2-DFEB-4E0F-A8A5-FAD07D63EC9F}.Debug|Any CPU.ActiveCfg = Debug|Any CPU
		{77889EC2-DFEB-4E0F-A8A5-FAD07D63EC9F}.Debug|Any CPU.Build.0 = Debug|Any CPU
		{77889EC2-DFEB-4E0F-A8A5-FAD07D63EC9F}.Release|Any CPU.ActiveCfg = Release|Any CPU
		{77889EC2-DFEB-4E0F-A8A5-FAD07D63EC9F}.Release|Any CPU.Build.0 = Release|Any CPU
	EndGlobalSection
	GlobalSection(SolutionProperties) = preSolution
		HideSolutionNode = FALSE
	EndGlobalSection
	GlobalSection(ExtensibilityGlobals) = postSolution
		SolutionGuid = {65189977-A998-4FF1-8DAA-049918D21B18}
	EndGlobalSection
EndGlobal
